
Microsoft Visual Studio Solution File, Format Version 12.00
# Visual Studio Version 16
VisualStudioVersion = 16.0.30225.117
MinimumVisualStudioVersion = 10.0.40219.1
Project("{9A19103F-16F7-4668-BE54-9A1E7A4F7556}") = "eShopSolution.Web", "eShopSolution.Web\eShopSolution.Web.csproj", "{1744C02E-2385-4406-8EF4-73CF0869B333}"
EndProject
Project("{2150E333-8FDC-42A3-9474-1A3956D46DE8}") = "0.Solution Items", "0.Solution Items", "{39B9B98E-57C0-4F58-BF71-B2EEA3D45054}"
	ProjectSection(SolutionItems) = preProject
		README.md = README.md
	EndProjectSection
EndProject
Project("{9A19103F-16F7-4668-BE54-9A1E7A4F7556}") = "eShopSolution.Data", "eShopSolution.Data\eShopSolution.Data.csproj", "{20577D13-9767-4C6E-B185-850908D43B23}"
EndProject
Project("{9A19103F-16F7-4668-BE54-9A1E7A4F7556}") = "eShopSolution.Aplication", "eShopSolution.Aplication\eShopSolution.Aplication.csproj", "{5433E7BC-F6AA-425D-8137-D0D808D2CECE}"
EndProject
Project("{9A19103F-16F7-4668-BE54-9A1E7A4F7556}") = "eShopSolution.BackendApi", "aShopSolution.BackendApi\eShopSolution.BackendApi.csproj", "{35E2635A-C52A-4B5A-B873-9844269D0523}"
EndProject
Project("{2150E333-8FDC-42A3-9474-1A3956D46DE8}") = "1.Infrastructure", "1.Infrastructure", "{D16E46D8-5238-47C9-A2E7-B5B4BCD0027E}"
EndProject
Project("{2150E333-8FDC-42A3-9474-1A3956D46DE8}") = "2.Domain", "2.Domain", "{F9F3F0A0-B16E-4870-A360-B4ACADCEE0B9}"
EndProject
Project("{2150E333-8FDC-42A3-9474-1A3956D46DE8}") = "3.Hosts", "3.Hosts", "{28666AD4-7196-4046-BB2B-7952DE01449E}"
EndProject
Project("{9A19103F-16F7-4668-BE54-9A1E7A4F7556}") = "eShopSolutionViewModels", "eShopSolutionViewModels\eShopSolutionViewModels.csproj", "{D61F20A8-9C0C-4530-B225-68F0B4BF72F6}"
EndProject
Project("{9A19103F-16F7-4668-BE54-9A1E7A4F7556}") = "eShopSolution.Utilities", "eShopSolution.Utilities\eShopSolution.Utilities.csproj", "{50F725AB-7EFB-4B01-B026-11752136BB3B}"
EndProject
Project("{9A19103F-16F7-4668-BE54-9A1E7A4F7556}") = "eShopSolution.AdminApp", "eShopSolution.AdminApp\eShopSolution.AdminApp.csproj", "{AB6E0516-0630-419B-A08E-C4DB226F2F8E}"
EndProject
Global
	GlobalSection(SolutionConfigurationPlatforms) = preSolution
		Debug|Any CPU = Debug|Any CPU
		Release|Any CPU = Release|Any CPU
	EndGlobalSection
	GlobalSection(ProjectConfigurationPlatforms) = postSolution
		{1744C02E-2385-4406-8EF4-73CF0869B333}.Debug|Any CPU.ActiveCfg = Debug|Any CPU
		{1744C02E-2385-4406-8EF4-73CF0869B333}.Debug|Any CPU.Build.0 = Debug|Any CPU
		{1744C02E-2385-4406-8EF4-73CF0869B333}.Release|Any CPU.ActiveCfg = Release|Any CPU
		{1744C02E-2385-4406-8EF4-73CF0869B333}.Release|Any CPU.Build.0 = Release|Any CPU
		{20577D13-9767-4C6E-B185-850908D43B23}.Debug|Any CPU.ActiveCfg = Debug|Any CPU
		{20577D13-9767-4C6E-B185-850908D43B23}.Debug|Any CPU.Build.0 = Debug|Any CPU
		{20577D13-9767-4C6E-B185-850908D43B23}.Release|Any CPU.ActiveCfg = Release|Any CPU
		{20577D13-9767-4C6E-B185-850908D43B23}.Release|Any CPU.Build.0 = Release|Any CPU
		{5433E7BC-F6AA-425D-8137-D0D808D2CECE}.Debug|Any CPU.ActiveCfg = Debug|Any CPU
		{5433E7BC-F6AA-425D-8137-D0D808D2CECE}.Debug|Any CPU.Build.0 = Debug|Any CPU
		{5433E7BC-F6AA-425D-8137-D0D808D2CECE}.Release|Any CPU.ActiveCfg = Release|Any CPU
		{5433E7BC-F6AA-425D-8137-D0D808D2CECE}.Release|Any CPU.Build.0 = Release|Any CPU
		{35E2635A-C52A-4B5A-B873-9844269D0523}.Debug|Any CPU.ActiveCfg = Debug|Any CPU
		{35E2635A-C52A-4B5A-B873-9844269D0523}.Debug|Any CPU.Build.0 = Debug|Any CPU
		{35E2635A-C52A-4B5A-B873-9844269D0523}.Release|Any CPU.ActiveCfg = Release|Any CPU
		{35E2635A-C52A-4B5A-B873-9844269D0523}.Release|Any CPU.Build.0 = Release|Any CPU
		{D61F20A8-9C0C-4530-B225-68F0B4BF72F6}.Debug|Any CPU.ActiveCfg = Debug|Any CPU
		{D61F20A8-9C0C-4530-B225-68F0B4BF72F6}.Debug|Any CPU.Build.0 = Debug|Any CPU
		{D61F20A8-9C0C-4530-B225-68F0B4BF72F6}.Release|Any CPU.ActiveCfg = Release|Any CPU
		{D61F20A8-9C0C-4530-B225-68F0B4BF72F6}.Release|Any CPU.Build.0 = Release|Any CPU
		{50F725AB-7EFB-4B01-B026-11752136BB3B}.Debug|Any CPU.ActiveCfg = Debug|Any CPU
		{50F725AB-7EFB-4B01-B026-11752136BB3B}.Debug|Any CPU.Build.0 = Debug|Any CPU
		{50F725AB-7EFB-4B01-B026-11752136BB3B}.Release|Any CPU.ActiveCfg = Release|Any CPU
		{50F725AB-7EFB-4B01-B026-11752136BB3B}.Release|Any CPU.Build.0 = Release|Any CPU
		{AB6E0516-0630-419B-A08E-C4DB226F2F8E}.Debug|Any CPU.ActiveCfg = Debug|Any CPU
		{AB6E0516-0630-419B-A08E-C4DB226F2F8E}.Debug|Any CPU.Build.0 = Debug|Any CPU
		{AB6E0516-0630-419B-A08E-C4DB226F2F8E}.Release|Any CPU.ActiveCfg = Release|Any CPU
		{AB6E0516-0630-419B-A08E-C4DB226F2F8E}.Release|Any CPU.Build.0 = Release|Any CPU
	EndGlobalSection
	GlobalSection(SolutionProperties) = preSolution
		HideSolutionNode = FALSE
	EndGlobalSection
	GlobalSection(NestedProjects) = preSolution
		{1744C02E-2385-4406-8EF4-73CF0869B333} = {28666AD4-7196-4046-BB2B-7952DE01449E}
		{20577D13-9767-4C6E-B185-850908D43B23} = {F9F3F0A0-B16E-4870-A360-B4ACADCEE0B9}
		{5433E7BC-F6AA-425D-8137-D0D808D2CECE} = {F9F3F0A0-B16E-4870-A360-B4ACADCEE0B9}
		{35E2635A-C52A-4B5A-B873-9844269D0523} = {28666AD4-7196-4046-BB2B-7952DE01449E}
		{D61F20A8-9C0C-4530-B225-68F0B4BF72F6} = {D16E46D8-5238-47C9-A2E7-B5B4BCD0027E}
		{50F725AB-7EFB-4B01-B026-11752136BB3B} = {D16E46D8-5238-47C9-A2E7-B5B4BCD0027E}
		{AB6E0516-0630-419B-A08E-C4DB226F2F8E} = {28666AD4-7196-4046-BB2B-7952DE01449E}
	EndGlobalSection
	GlobalSection(ExtensibilityGlobals) = postSolution
		SolutionGuid = {D741E958-AF2A-4CB8-B0C1-16B812C3EF8E}
	EndGlobalSection
EndGlobal
